
Microsoft Visual Studio Solution File, Format Version 12.00
# Visual Studio 15
VisualStudioVersion = 15.0.28307.705
MinimumVisualStudioVersion = 10.0.40219.1
Project("{FAE04EC0-301F-11D3-BF4B-00C04F79EFBC}") = "SR.LMGM", "SR.LMGM\SR.LMGM.csproj", "{A958AF6D-E4ED-4700-BCD9-84167FD427EB}"
EndProject
Project("{FAE04EC0-301F-11D3-BF4B-00C04F79EFBC}") = "SR.LMGM.Tests", "SR.LMGM.Tests\SR.LMGM.Tests.csproj", "{B8FCB9FC-5DA9-4C7C-A0A6-12799DB12E45}"
EndProject
Global
	GlobalSection(SolutionConfigurationPlatforms) = preSolution
		Debug|Any CPU = Debug|Any CPU
		Release|Any CPU = Release|Any CPU
	EndGlobalSection
	GlobalSection(ProjectConfigurationPlatforms) = postSolution
		{A958AF6D-E4ED-4700-BCD9-84167FD427EB}.Debug|Any CPU.ActiveCfg = Debug|Any CPU
		{A958AF6D-E4ED-4700-BCD9-84167FD427EB}.Debug|Any CPU.Build.0 = Debug|Any CPU
		{A958AF6D-E4ED-4700-BCD9-84167FD427EB}.Release|Any CPU.ActiveCfg = Release|Any CPU
		{A958AF6D-E4ED-4700-BCD9-84167FD427EB}.Release|Any CPU.Build.0 = Release|Any CPU
		{B8FCB9FC-5DA9-4C7C-A0A6-12799DB12E45}.Debug|Any CPU.ActiveCfg = Debug|Any CPU
		{B8FCB9FC-5DA9-4C7C-A0A6-12799DB12E45}.Debug|Any CPU.Build.0 = Debug|Any CPU
		{B8FCB9FC-5DA9-4C7C-A0A6-12799DB12E45}.Release|Any CPU.ActiveCfg = Release|Any CPU
		{B8FCB9FC-5DA9-4C7C-A0A6-12799DB12E45}.Release|Any CPU.Build.0 = Release|Any CPU
	EndGlobalSection
	GlobalSection(SolutionProperties) = preSolution
		HideSolutionNode = FALSE
	EndGlobalSection
	GlobalSection(ExtensibilityGlobals) = postSolution
		SolutionGuid = {BC0DE7EE-44A5-4EE5-BE53-4AAF924A5936}
	EndGlobalSection
EndGlobal
